{
  "name": "guided-spa",
  "version": "1.0.0",
  "lockfileVersion": 1,
  "requires": true,
  "dependencies": {
    "babel-runtime": {
      "version": "6.26.0",
      "resolved": "https://registry.npmjs.org/babel-runtime/-/babel-runtime-6.26.0.tgz",
      "integrity": "sha1-llxwWGaOgrVde/4E/yM3vItWR/4=",
      "requires": {
        "core-js": "2.5.5",
        "regenerator-runtime": "0.11.1"
      }
    },
    "core-js": {
      "version": "2.5.5",
      "resolved": "https://registry.npmjs.org/core-js/-/core-js-2.5.5.tgz",
      "integrity": "sha1-sU3ek2xkDAV5prUMq8wTLdYSfjs="
    },
    "neo4j-driver": {
      "version": "1.6.0",
      "resolved": "https://registry.npmjs.org/neo4j-driver/-/neo4j-driver-1.6.0.tgz",
      "integrity": "sha512-G5VEx1G2ZZzhDIrgvDl0lRQouTUHjMNaQ4hQw2VDM9s0Z2A0mMMRorQNjW8bj8TsPeJaH72NvK2b/dCV+ibT4g==",
      "requires": {
        "babel-runtime": "6.26.0",
        "uri-js": "4.2.1"
      }
    },
    "punycode": {
      "version": "2.1.0",
      "resolved": "https://registry.npmjs.org/punycode/-/punycode-2.1.0.tgz",
      "integrity": "sha1-X4Y+3Im5bbCQdLrXlHvwkFbKTn0="
    },
    "regenerator-runtime": {
      "version": "0.11.1",
      "resolved": "https://registry.npmjs.org/regenerator-runtime/-/regenerator-runtime-0.11.1.tgz",
      "integrity": "sha512-MguG95oij0fC3QV3URf4V2SDYGJhJnJGqvIIgdECeODCT98wSWDAJ94SSuVpYQUoTcGUIL6L4yNB7j1DFFHSBg=="
    },
    "uri-js": {
      "version": "4.2.1",
      "resolved": "https://registry.npmjs.org/uri-js/-/uri-js-4.2.1.tgz",
      "integrity": "sha512-jpKCA3HjsBfSDOEgxRDAxQCNyHfCPSbq57PqCkd3gAyBuPb3IWxw54EHncqESznIdqSetHfw3D7ylThu2Kcc9A==",
      "requires": {
        "punycode": "2.1.0"
      }
    }
  }
}
